version = 1
revision = 3
requires-python = ">=3.13"

[[package]]
name = "asgiref"
version = "3.9.1"
source = { registry = "https://pypi.org/simple" }
sdist = { url = "https://files.pythonhosted.org/packages/90/61/0aa957eec22ff70b830b22ff91f825e70e1ef732c06666a805730f28b36b/asgiref-3.9.1.tar.gz", hash = "sha256:a5ab6582236218e5ef1648f242fd9f10626cfd4de8dc377db215d5d5098e3142", size = 36870, upload-time = "2025-07-08T09:07:43.344Z" }
wheels = [
    { url = "https://files.pythonhosted.org/packages/7c/3c/0464dcada90d5da0e71018c04a140ad6349558afb30b3051b4264cc5b965/asgiref-3.9.1-py3-none-any.whl", hash = "sha256:f3bba7092a48005b5f5bacd747d36ee4a5a61f4a269a6df590b43144355ebd2c", size = 23790, upload-time = "2025-07-08T09:07:41.548Z" },
]

[[package]]
name = "diff-match-patch"
version = "20241021"
source = { registry = "https://pypi.org/simple" }
sdist = { url = "https://files.pythonhosted.org/packages/0e/ad/32e1777dd57d8e85fa31e3a243af66c538245b8d64b7265bec9a61f2ca33/diff_match_patch-20241021.tar.gz", hash = "sha256:beae57a99fa48084532935ee2968b8661db861862ec82c6f21f4acdd6d835073", size = 39962, upload-time = "2024-10-21T19:41:21.094Z" }
wheels = [
    { url = "https://files.pythonhosted.org/packages/f7/bb/2aa9b46a01197398b901e458974c20ed107935c26e44e37ad5b0e5511e44/diff_match_patch-20241021-py3-none-any.whl", hash = "sha256:93cea333fb8b2bc0d181b0de5e16df50dd344ce64828226bda07728818936782", size = 43252, upload-time = "2024-10-21T19:41:19.914Z" },
]

[[package]]
name = "django"
version = "5.2.5"
source = { registry = "https://pypi.org/simple" }
dependencies = [
    { name = "asgiref" },
    { name = "sqlparse" },
    { name = "tzdata", marker = "sys_platform == 'win32'" },
]
sdist = { url = "https://files.pythonhosted.org/packages/62/9b/779f853c3d2d58b9e08346061ff3e331cdec3fe3f53aae509e256412a593/django-5.2.5.tar.gz", hash = "sha256:0745b25681b129a77aae3d4f6549b62d3913d74407831abaa0d9021a03954bae", size = 10859748, upload-time = "2025-08-06T08:26:29.978Z" }
wheels = [
    { url = "https://files.pythonhosted.org/packages/9d/6e/98a1d23648e0085bb5825326af17612ecd8fc76be0ce96ea4dc35e17b926/django-5.2.5-py3-none-any.whl", hash = "sha256:2b2ada0ee8a5ff743a40e2b9820d1f8e24c11bac9ae6469cd548f0057ea6ddcd", size = 8302999, upload-time = "2025-08-06T08:26:23.562Z" },
]

[[package]]
name = "django-import-export"
version = "4.3.9"
source = { registry = "https://pypi.org/simple" }
dependencies = [
    { name = "diff-match-patch" },
    { name = "django" },
    { name = "tablib" },
]
sdist = { url = "https://files.pythonhosted.org/packages/d0/4c/caaf012e437faa260e7aee97847279e80e088855d2574e08aa9282f47a6d/django_import_export-4.3.9.tar.gz", hash = "sha256:966e01c2cbd6acda710a0a0097cd99b28d4f9883abbfbbf712f34a2e8eea8809", size = 2226734, upload-time = "2025-07-21T19:17:36.519Z" }
wheels = [
    { url = "https://files.pythonhosted.org/packages/33/20/8502f3985b91befb3e771c258b7e2a3fa916bdb834e960da307ecc359d66/django_import_export-4.3.9-py3-none-any.whl", hash = "sha256:3d83b1c28f30935240ef9d914a1d4845c6fcaf5c7e5454889dda800eb5d374fb", size = 148545, upload-time = "2025-07-21T19:17:35.035Z" },
]

[[package]]
name = "gunicorn"
version = "23.0.0"
source = { registry = "https://pypi.org/simple" }
dependencies = [
    { name = "packaging" },
]
sdist = { url = "https://files.pythonhosted.org/packages/34/72/9614c465dc206155d93eff0ca20d42e1e35afc533971379482de953521a4/gunicorn-23.0.0.tar.gz", hash = "sha256:f014447a0101dc57e294f6c18ca6b40227a4c90e9bdb586042628030cba004ec", size = 375031, upload-time = "2024-08-10T20:25:27.378Z" }
wheels = [
    { url = "https://files.pythonhosted.org/packages/cb/7d/6dac2a6e1eba33ee43f318edbed4ff29151a49b5d37f080aad1e6469bca4/gunicorn-23.0.0-py3-none-any.whl", hash = "sha256:ec400d38950de4dfd418cff8328b2c8faed0edb0d517d3394e457c317908ca4d", size = 85029, upload-time = "2024-08-10T20:25:24.996Z" },
]

[[package]]
name = "packaging"
version = "25.0"
source = { registry = "https://pypi.org/simple" }
sdist = { url = "https://files.pythonhosted.org/packages/a1/d4/1fc4078c65507b51b96ca8f8c3ba19e6a61c8253c72794544580a7b6c24d/packaging-25.0.tar.gz", hash = "sha256:d443872c98d677bf60f6a1f2f8c1cb748e8fe762d2bf9d3148b5599295b0fc4f", size = 165727, upload-time = "2025-04-19T11:48:59.673Z" }
wheels = [
    { url = "https://files.pythonhosted.org/packages/20/12/38679034af332785aac8774540895e234f4d07f7545804097de4b666afd8/packaging-25.0-py3-none-any.whl", hash = "sha256:29572ef2b1f17581046b3a2227d5c611fb25ec70ca1ba8554b24b0e69331a484", size = 66469, upload-time = "2025-04-19T11:48:57.875Z" },
]

[[package]]
name = "promprint-database"
version = "0.2.0"
source = { virtual = "." }
dependencies = [
    { name = "django" },
    { name = "django-import-export" },
    { name = "gunicorn" },
    { name = "thefuzz" },
]

[package.metadata]
requires-dist = [
    { name = "django", specifier = ">=5.2.5" },
    { name = "django-import-export", specifier = ">=4.3.9" },
    { name = "gunicorn", specifier = ">=23.0.0" },
    { name = "thefuzz", specifier = ">=0.22.1" },
]

[[package]]
name = "rapidfuzz"
version = "3.13.0"
source = { registry = "https://pypi.org/simple" }
sdist = { url = "https://files.pythonhosted.org/packages/ed/f6/6895abc3a3d056b9698da3199b04c0e56226d530ae44a470edabf8b664f0/rapidfuzz-3.13.0.tar.gz", hash = "sha256:d2eaf3839e52cbcc0accbe9817a67b4b0fcf70aaeb229cfddc1c28061f9ce5d8", size = 57904226, upload-time = "2025-04-03T20:38:51.226Z" }
wheels = [
    { url = "https://files.pythonhosted.org/packages/0a/76/606e71e4227790750f1646f3c5c873e18d6cfeb6f9a77b2b8c4dec8f0f66/rapidfuzz-3.13.0-cp313-cp313-macosx_10_13_x86_64.whl", hash = "sha256:09e908064d3684c541d312bd4c7b05acb99a2c764f6231bd507d4b4b65226c23", size = 1982282, upload-time = "2025-04-03T20:36:46.149Z" },
    { url = "https://files.pythonhosted.org/packages/0a/f5/d0b48c6b902607a59fd5932a54e3518dae8223814db8349b0176e6e9444b/rapidfuzz-3.13.0-cp313-cp313-macosx_11_0_arm64.whl", hash = "sha256:57c390336cb50d5d3bfb0cfe1467478a15733703af61f6dffb14b1cd312a6fae", size = 1439274, upload-time = "2025-04-03T20:36:48.323Z" },
    { url = "https://files.pythonhosted.org/packages/59/cf/c3ac8c80d8ced6c1f99b5d9674d397ce5d0e9d0939d788d67c010e19c65f/rapidfuzz-3.13.0-cp313-cp313-manylinux_2_17_aarch64.manylinux2014_aarch64.whl", hash = "sha256:0da54aa8547b3c2c188db3d1c7eb4d1bb6dd80baa8cdaeaec3d1da3346ec9caa", size = 1399854, upload-time = "2025-04-03T20:36:50.294Z" },
    { url = "https://files.pythonhosted.org/packages/09/5d/ca8698e452b349c8313faf07bfa84e7d1c2d2edf7ccc67bcfc49bee1259a/rapidfuzz-3.13.0-cp313-cp313-manylinux_2_17_i686.manylinux2014_i686.whl", hash = "sha256:df8e8c21e67afb9d7fbe18f42c6111fe155e801ab103c81109a61312927cc611", size = 5308962, upload-time = "2025-04-03T20:36:52.421Z" },
    { url = "https://files.pythonhosted.org/packages/66/0a/bebada332854e78e68f3d6c05226b23faca79d71362509dbcf7b002e33b7/rapidfuzz-3.13.0-cp313-cp313-manylinux_2_17_ppc64le.manylinux2014_ppc64le.whl", hash = "sha256:461fd13250a2adf8e90ca9a0e1e166515cbcaa5e9c3b1f37545cbbeff9e77f6b", size = 1625016, upload-time = "2025-04-03T20:36:54.639Z" },
    { url = "https://files.pythonhosted.org/packages/de/0c/9e58d4887b86d7121d1c519f7050d1be5eb189d8a8075f5417df6492b4f5/rapidfuzz-3.13.0-cp313-cp313-manylinux_2_17_s390x.manylinux2014_s390x.whl", hash = "sha256:c2b3dd5d206a12deca16870acc0d6e5036abeb70e3cad6549c294eff15591527", size = 1600414, upload-time = "2025-04-03T20:36:56.669Z" },
    { url = "https://files.pythonhosted.org/packages/9b/df/6096bc669c1311568840bdcbb5a893edc972d1c8d2b4b4325c21d54da5b1/rapidfuzz-3.13.0-cp313-cp313-manylinux_2_17_x86_64.manylinux2014_x86_64.whl", hash = "sha256:1343d745fbf4688e412d8f398c6e6d6f269db99a54456873f232ba2e7aeb4939", size = 3053179, upload-time = "2025-04-03T20:36:59.366Z" },
    { url = "https://files.pythonhosted.org/packages/f9/46/5179c583b75fce3e65a5cd79a3561bd19abd54518cb7c483a89b284bf2b9/rapidfuzz-3.13.0-cp313-cp313-musllinux_1_2_aarch64.whl", hash = "sha256:b1b065f370d54551dcc785c6f9eeb5bd517ae14c983d2784c064b3aa525896df", size = 2456856, upload-time = "2025-04-03T20:37:01.708Z" },
    { url = "https://files.pythonhosted.org/packages/6b/64/e9804212e3286d027ac35bbb66603c9456c2bce23f823b67d2f5cabc05c1/rapidfuzz-3.13.0-cp313-cp313-musllinux_1_2_i686.whl", hash = "sha256:11b125d8edd67e767b2295eac6eb9afe0b1cdc82ea3d4b9257da4b8e06077798", size = 7567107, upload-time = "2025-04-03T20:37:04.521Z" },
    { url = "https://files.pythonhosted.org/packages/8a/f2/7d69e7bf4daec62769b11757ffc31f69afb3ce248947aadbb109fefd9f65/rapidfuzz-3.13.0-cp313-cp313-musllinux_1_2_ppc64le.whl", hash = "sha256:c33f9c841630b2bb7e69a3fb5c84a854075bb812c47620978bddc591f764da3d", size = 2854192, upload-time = "2025-04-03T20:37:06.905Z" },
    { url = "https://files.pythonhosted.org/packages/05/21/ab4ad7d7d0f653e6fe2e4ccf11d0245092bef94cdff587a21e534e57bda8/rapidfuzz-3.13.0-cp313-cp313-musllinux_1_2_s390x.whl", hash = "sha256:ae4574cb66cf1e85d32bb7e9ec45af5409c5b3970b7ceb8dea90168024127566", size = 3398876, upload-time = "2025-04-03T20:37:09.692Z" },
    { url = "https://files.pythonhosted.org/packages/0f/a8/45bba94c2489cb1ee0130dcb46e1df4fa2c2b25269e21ffd15240a80322b/rapidfuzz-3.13.0-cp313-cp313-musllinux_1_2_x86_64.whl", hash = "sha256:e05752418b24bbd411841b256344c26f57da1148c5509e34ea39c7eb5099ab72", size = 4377077, upload-time = "2025-04-03T20:37:11.929Z" },
    { url = "https://files.pythonhosted.org/packages/0c/f3/5e0c6ae452cbb74e5436d3445467447e8c32f3021f48f93f15934b8cffc2/rapidfuzz-3.13.0-cp313-cp313-win32.whl", hash = "sha256:0e1d08cb884805a543f2de1f6744069495ef527e279e05370dd7c83416af83f8", size = 1822066, upload-time = "2025-04-03T20:37:14.425Z" },
    { url = "https://files.pythonhosted.org/packages/96/e3/a98c25c4f74051df4dcf2f393176b8663bfd93c7afc6692c84e96de147a2/rapidfuzz-3.13.0-cp313-cp313-win_amd64.whl", hash = "sha256:9a7c6232be5f809cd39da30ee5d24e6cadd919831e6020ec6c2391f4c3bc9264", size = 1615100, upload-time = "2025-04-03T20:37:16.611Z" },
    { url = "https://files.pythonhosted.org/packages/60/b1/05cd5e697c00cd46d7791915f571b38c8531f714832eff2c5e34537c49ee/rapidfuzz-3.13.0-cp313-cp313-win_arm64.whl", hash = "sha256:3f32f15bacd1838c929b35c84b43618481e1b3d7a61b5ed2db0291b70ae88b53", size = 858976, upload-time = "2025-04-03T20:37:19.336Z" },
]

[[package]]
name = "sqlparse"
version = "0.5.3"
source = { registry = "https://pypi.org/simple" }
sdist = { url = "https://files.pythonhosted.org/packages/e5/40/edede8dd6977b0d3da179a342c198ed100dd2aba4be081861ee5911e4da4/sqlparse-0.5.3.tar.gz", hash = "sha256:09f67787f56a0b16ecdbde1bfc7f5d9c3371ca683cfeaa8e6ff60b4807ec9272", size = 84999, upload-time = "2024-12-10T12:05:30.728Z" }
wheels = [
    { url = "https://files.pythonhosted.org/packages/a9/5c/bfd6bd0bf979426d405cc6e71eceb8701b148b16c21d2dc3c261efc61c7b/sqlparse-0.5.3-py3-none-any.whl", hash = "sha256:cf2196ed3418f3ba5de6af7e82c694a9fbdbfecccdfc72e281548517081f16ca", size = 44415, upload-time = "2024-12-10T12:05:27.824Z" },
]

[[package]]
name = "tablib"
version = "3.8.0"
source = { registry = "https://pypi.org/simple" }
sdist = { url = "https://files.pythonhosted.org/packages/09/cc/fe19d9c2ac1088794a51fc72f49b7226f88a0361f924fb3d17a9ec80e657/tablib-3.8.0.tar.gz", hash = "sha256:94d8bcdc65a715a0024a6d5b701a5f31e45bd159269e62c73731de79f048db2b", size = 122247, upload-time = "2025-01-22T15:29:27.276Z" }
wheels = [
    { url = "https://files.pythonhosted.org/packages/5c/95/6542f54ebd90539b12ed6189cb54a6550a28407b1c503c2e55190c29a4c9/tablib-3.8.0-py3-none-any.whl", hash = "sha256:35bdb9d4ec7052232f8803908f9c7a9c3c65807188b70618fa7a7d8ccd560b4d", size = 47935, upload-time = "2025-01-22T15:28:44.499Z" },
]

[[package]]
name = "thefuzz"
version = "0.22.1"
source = { registry = "https://pypi.org/simple" }
dependencies = [
    { name = "rapidfuzz" },
]
sdist = { url = "https://files.pythonhosted.org/packages/81/4b/d3eb25831590d6d7d38c2f2e3561d3ba41d490dc89cd91d9e65e7c812508/thefuzz-0.22.1.tar.gz", hash = "sha256:7138039a7ecf540da323792d8592ef9902b1d79eb78c147d4f20664de79f3680", size = 19993, upload-time = "2024-01-19T19:18:23.135Z" }
wheels = [
    { url = "https://files.pythonhosted.org/packages/82/4f/1695e70ceb3604f19eda9908e289c687ea81c4fecef4d90a9d1d0f2f7ae9/thefuzz-0.22.1-py3-none-any.whl", hash = "sha256:59729b33556850b90e1093c4cf9e618af6f2e4c985df193fdf3c5b5cf02ca481", size = 8245, upload-time = "2024-01-19T19:18:20.362Z" },
]

[[package]]
name = "tzdata"
version = "2025.2"
source = { registry = "https://pypi.org/simple" }
sdist = { url = "https://files.pythonhosted.org/packages/95/32/1a225d6164441be760d75c2c42e2780dc0873fe382da3e98a2e1e48361e5/tzdata-2025.2.tar.gz", hash = "sha256:b60a638fcc0daffadf82fe0f57e53d06bdec2f36c4df66280ae79bce6bd6f2b9", size = 196380, upload-time = "2025-03-23T13:54:43.652Z" }
wheels = [
    { url = "https://files.pythonhosted.org/packages/5c/23/c7abc0ca0a1526a0774eca151daeb8de62ec457e77262b66b359c3c7679e/tzdata-2025.2-py2.py3-none-any.whl", hash = "sha256:1a403fada01ff9221ca8044d701868fa132215d84beb92242d9acd2147f667a8", size = 347839, upload-time = "2025-03-23T13:54:41.845Z" },
]
